
Microsoft Visual Studio Solution File, Format Version 12.00
# Visual Studio Version 17
VisualStudioVersion = 17.14.36221.1 d17.14
MinimumVisualStudioVersion = 10.0.40219.1
Project("{FAE04EC0-301F-11D3-BF4B-00C04F79EFBC}") = "assignment", "assignment\assignment.csproj", "{8A33E32E-F692-423E-B67C-2D98EF82623F}"
EndProject
Project("{FAE04EC0-301F-11D3-BF4B-00C04F79EFBC}") = "demo", "demo\demo.csproj", "{5F232B64-D17D-48A5-BB36-79AD6D8B4AC7}"
EndProject
Global
	GlobalSection(SolutionConfigurationPlatforms) = preSolution
		Debug|Any CPU = Debug|Any CPU
		Release|Any CPU = Release|Any CPU
	EndGlobalSection
	GlobalSection(ProjectConfigurationPlatforms) = postSolution
		{8A33E32E-F692-423E-B67C-2D98EF82623F}.Debug|Any CPU.ActiveCfg = Debug|Any CPU
		{8A33E32E-F692-423E-B67C-2D98EF82623F}.Debug|Any CPU.Build.0 = Debug|Any CPU
		{8A33E32E-F692-423E-B67C-2D98EF82623F}.Release|Any CPU.ActiveCfg = Release|Any CPU
		{8A33E32E-F692-423E-B67C-2D98EF82623F}.Release|Any CPU.Build.0 = Release|Any CPU
		{5F232B64-D17D-48A5-BB36-79AD6D8B4AC7}.Debug|Any CPU.ActiveCfg = Debug|Any CPU
		{5F232B64-D17D-48A5-BB36-79AD6D8B4AC7}.Debug|Any CPU.Build.0 = Debug|Any CPU
		{5F232B64-D17D-48A5-BB36-79AD6D8B4AC7}.Release|Any CPU.ActiveCfg = Release|Any CPU
		{5F232B64-D17D-48A5-BB36-79AD6D8B4AC7}.Release|Any CPU.Build.0 = Release|Any CPU
	EndGlobalSection
	GlobalSection(SolutionProperties) = preSolution
		HideSolutionNode = FALSE
	EndGlobalSection
	GlobalSection(ExtensibilityGlobals) = postSolution
		SolutionGuid = {57971C08-AB0F-4DDD-8BEC-1FAB0F3F9BEC}
	EndGlobalSection
EndGlobal
